
Microsoft Visual Studio Solution File, Format Version 11.00
# Visual Studio 2010
Project("{FAE04EC0-301F-11D3-BF4B-00C04F79EFBC}") = "Unity.Rider.Editor", "Unity.Rider.Editor.csproj", "{807fe505-d2c6-801d-edb6-08c3e399b1b7}"
EndProject
Project("{FAE04EC0-301F-11D3-BF4B-00C04F79EFBC}") = "Assembly-CSharp", "Assembly-CSharp.csproj", "{7bfc0646-6710-c562-aaac-6a59c2e98eb1}"
EndProject
Global
	GlobalSection(SolutionConfigurationPlatforms) = preSolution
		Debug|Any CPU = Debug|Any CPU
	EndGlobalSection
	GlobalSection(ProjectConfigurationPlatforms) = postSolution
		{807fe505-d2c6-801d-edb6-08c3e399b1b7}.Debug|Any CPU.ActiveCfg = Debug|Any CPU
		{807fe505-d2c6-801d-edb6-08c3e399b1b7}.Debug|Any CPU.Build.0 = Debug|Any CPU
		{7bfc0646-6710-c562-aaac-6a59c2e98eb1}.Debug|Any CPU.ActiveCfg = Debug|Any CPU
		{7bfc0646-6710-c562-aaac-6a59c2e98eb1}.Debug|Any CPU.Build.0 = Debug|Any CPU
	EndGlobalSection
	GlobalSection(SolutionProperties) = preSolution
		HideSolutionNode = FALSE
	EndGlobalSection
EndGlobal
